
Microsoft Visual Studio Solution File, Format Version 11.00
# Visual Studio 2010
Project("{FAE04EC0-301F-11D3-BF4B-00C04F79EFBC}") = "굴러라! BOX", "Assembly-CSharp.csproj", "{BB8BA7FF-6BFE-2DCC-F036-00E56C5E71ED}"
EndProject
Project("{FAE04EC0-301F-11D3-BF4B-00C04F79EFBC}") = "굴러라! BOX", "Assembly-CSharp-Editor.csproj", "{FE42086E-F862-945E-DC7E-9F00926A4AFE}"
EndProject
Global
	GlobalSection(SolutionConfigurationPlatforms) = preSolution
		Debug|Any CPU = Debug|Any CPU
		Release|Any CPU = Release|Any CPU
	EndGlobalSection
	GlobalSection(ProjectConfigurationPlatforms) = postSolution
		{BB8BA7FF-6BFE-2DCC-F036-00E56C5E71ED}.Debug|Any CPU.ActiveCfg = Debug|Any CPU
		{BB8BA7FF-6BFE-2DCC-F036-00E56C5E71ED}.Debug|Any CPU.Build.0 = Debug|Any CPU
		{BB8BA7FF-6BFE-2DCC-F036-00E56C5E71ED}.Release|Any CPU.ActiveCfg = Release|Any CPU
		{BB8BA7FF-6BFE-2DCC-F036-00E56C5E71ED}.Release|Any CPU.Build.0 = Release|Any CPU
		{FE42086E-F862-945E-DC7E-9F00926A4AFE}.Debug|Any CPU.ActiveCfg = Debug|Any CPU
		{FE42086E-F862-945E-DC7E-9F00926A4AFE}.Debug|Any CPU.Build.0 = Debug|Any CPU
		{FE42086E-F862-945E-DC7E-9F00926A4AFE}.Release|Any CPU.ActiveCfg = Release|Any CPU
		{FE42086E-F862-945E-DC7E-9F00926A4AFE}.Release|Any CPU.Build.0 = Release|Any CPU
	EndGlobalSection
	GlobalSection(SolutionProperties) = preSolution
		HideSolutionNode = FALSE
	EndGlobalSection
	GlobalSection(MonoDevelopProperties) = preSolution
		StartupItem = Assembly-CSharp.csproj
	EndGlobalSection
EndGlobal
